
Microsoft Visual Studio Solution File, Format Version 12.00
# Visual Studio Version 17
VisualStudioVersion = 17.11.35303.130
MinimumVisualStudioVersion = 10.0.40219.1
Project("{2150E333-8FDC-42A3-9474-1A3956D46DE8}") = "Task0", "Task0", "{84B81E0C-7B77-4948-81A9-3FD04FE15EDA}"
EndProject
Project("{FAE04EC0-301F-11D3-BF4B-00C04F79EFBC}") = "Tyuiu.SilinEV.Sprint4.Task0.V19", "Tyuiu.SilinEV.Sprint4.Task0.V19\Tyuiu.SilinEV.Sprint4.Task0.V19.csproj", "{A3A55323-859E-4D23-AADD-88992F986EFC}"
EndProject
Project("{FAE04EC0-301F-11D3-BF4B-00C04F79EFBC}") = "Tyuiu.SilinEV.Sprint4.Task0.V19.Lib", "Tyuiu.SilinEV.Sprint4.Task0.V19.Lib\Tyuiu.SilinEV.Sprint4.Task0.V19.Lib.csproj", "{78E31534-6A86-4FFC-9261-CBFA462D95CE}"
EndProject
Project("{FAE04EC0-301F-11D3-BF4B-00C04F79EFBC}") = "Tyuiu.SilinEV.Sprint4.Task0.V19.Test", "Tyuiu.SilinEV.Sprint4.Task0.V19.Test\Tyuiu.SilinEV.Sprint4.Task0.V19.Test.csproj", "{F83F0D06-7E47-48A0-A22A-FE11740CC5BF}"
EndProject
Project("{2150E333-8FDC-42A3-9474-1A3956D46DE8}") = "Task1", "Task1", "{DAA0EF9F-4475-41FB-A61C-60276D8753E1}"
EndProject
Project("{FAE04EC0-301F-11D3-BF4B-00C04F79EFBC}") = "Tyuiu.SilinEV.Sprint4.Task1.V27", "Tyuiu.SilinEV.Sprint4.Task1.V27\Tyuiu.SilinEV.Sprint4.Task1.V27.csproj", "{4A1CD3E7-3E19-4102-9C48-ADF773E9E51A}"
EndProject
Project("{FAE04EC0-301F-11D3-BF4B-00C04F79EFBC}") = "Tyuiu.SilinEV.Sprint4.Task1.V27.Lib", "Tyuiu.SilinEV.Sprint4.Task1.V27.Lib\Tyuiu.SilinEV.Sprint4.Task1.V27.Lib.csproj", "{1F9FF725-5303-4DA0-86B6-0B9E37492DAC}"
EndProject
Project("{FAE04EC0-301F-11D3-BF4B-00C04F79EFBC}") = "Tyuiu.SilinEV.Sprint4.Task1.V27.Test", "Tyuiu.SilinEV.Sprint4.Task1.V27.Test\Tyuiu.SilinEV.Sprint4.Task1.V27.Test.csproj", "{0F0AD662-9D00-4ED8-832E-1EFC8F067E0B}"
EndProject
Project("{2150E333-8FDC-42A3-9474-1A3956D46DE8}") = "Task2", "Task2", "{41F36584-E884-420A-82AD-D45D33A42168}"
EndProject
Project("{FAE04EC0-301F-11D3-BF4B-00C04F79EFBC}") = "Tyuiu.SilinEV.Sprint4.Task2.V2", "Tyuiu.SilinEV.Sprint4.Task2.V2\Tyuiu.SilinEV.Sprint4.Task2.V2.csproj", "{2214D703-6A76-429C-A4F2-4FAE53925EEA}"
EndProject
Project("{FAE04EC0-301F-11D3-BF4B-00C04F79EFBC}") = "Tyuiu.SilinEV.Sprint4.Task2.V2.Lib", "Tyuiu.SilinEV.Sprint4.Task2.V2.Lib\Tyuiu.SilinEV.Sprint4.Task2.V2.Lib.csproj", "{0E3C3699-06F9-4B4A-8E84-0C14EA540938}"
EndProject
Project("{FAE04EC0-301F-11D3-BF4B-00C04F79EFBC}") = "Tyuiu.SilinEV.Sprint4.Task2.V2.Test", "Tyuiu.SilinEV.Sprint4.Task2.V2.Test\Tyuiu.SilinEV.Sprint4.Task2.V2.Test.csproj", "{E4FABFD5-02EB-45FF-B461-3CA100593B05}"
EndProject
Project("{2150E333-8FDC-42A3-9474-1A3956D46DE8}") = "Task3", "Task3", "{4F91C091-1F98-4904-880E-856D4B41710C}"
EndProject
Project("{FAE04EC0-301F-11D3-BF4B-00C04F79EFBC}") = "Tyuiu.SilinEV.Sprint4.Task3.V18", "Tyuiu.SilinEV.Sprint4.Task3.V18\Tyuiu.SilinEV.Sprint4.Task3.V18.csproj", "{613C614C-AD17-4F1F-8F29-89A9302885EC}"
EndProject
Project("{FAE04EC0-301F-11D3-BF4B-00C04F79EFBC}") = "Tyuiu.SilinEV.Sprint4.Task3.V18.Lib", "Tyuiu.SilinEV.Sprint4.Task3.V18.Lib\Tyuiu.SilinEV.Sprint4.Task3.V18.Lib.csproj", "{3ED12ACE-3AA2-4A0E-A9C3-2EFD0EC6EEF0}"
EndProject
Project("{FAE04EC0-301F-11D3-BF4B-00C04F79EFBC}") = "Tyuiu.SilinEV.Sprint4.Task3.V18.Test", "Tyuiu.SilinEV.Sprint4.Task3.V18.Test\Tyuiu.SilinEV.Sprint4.Task3.V18.Test.csproj", "{2DCEF7AB-D4B9-47BF-AF65-D244FA53B015}"
EndProject
Global
	GlobalSection(SolutionConfigurationPlatforms) = preSolution
		Debug|Any CPU = Debug|Any CPU
		Release|Any CPU = Release|Any CPU
	EndGlobalSection
	GlobalSection(ProjectConfigurationPlatforms) = postSolution
		{A3A55323-859E-4D23-AADD-88992F986EFC}.Debug|Any CPU.ActiveCfg = Debug|Any CPU
		{A3A55323-859E-4D23-AADD-88992F986EFC}.Debug|Any CPU.Build.0 = Debug|Any CPU
		{A3A55323-859E-4D23-AADD-88992F986EFC}.Release|Any CPU.ActiveCfg = Release|Any CPU
		{A3A55323-859E-4D23-AADD-88992F986EFC}.Release|Any CPU.Build.0 = Release|Any CPU
		{78E31534-6A86-4FFC-9261-CBFA462D95CE}.Debug|Any CPU.ActiveCfg = Debug|Any CPU
		{78E31534-6A86-4FFC-9261-CBFA462D95CE}.Debug|Any CPU.Build.0 = Debug|Any CPU
		{78E31534-6A86-4FFC-9261-CBFA462D95CE}.Release|Any CPU.ActiveCfg = Release|Any CPU
		{78E31534-6A86-4FFC-9261-CBFA462D95CE}.Release|Any CPU.Build.0 = Release|Any CPU
		{F83F0D06-7E47-48A0-A22A-FE11740CC5BF}.Debug|Any CPU.ActiveCfg = Debug|Any CPU
		{F83F0D06-7E47-48A0-A22A-FE11740CC5BF}.Debug|Any CPU.Build.0 = Debug|Any CPU
		{F83F0D06-7E47-48A0-A22A-FE11740CC5BF}.Release|Any CPU.ActiveCfg = Release|Any CPU
		{F83F0D06-7E47-48A0-A22A-FE11740CC5BF}.Release|Any CPU.Build.0 = Release|Any CPU
		{4A1CD3E7-3E19-4102-9C48-ADF773E9E51A}.Debug|Any CPU.ActiveCfg = Debug|Any CPU
		{4A1CD3E7-3E19-4102-9C48-ADF773E9E51A}.Debug|Any CPU.Build.0 = Debug|Any CPU
		{4A1CD3E7-3E19-4102-9C48-ADF773E9E51A}.Release|Any CPU.ActiveCfg = Release|Any CPU
		{4A1CD3E7-3E19-4102-9C48-ADF773E9E51A}.Release|Any CPU.Build.0 = Release|Any CPU
		{1F9FF725-5303-4DA0-86B6-0B9E37492DAC}.Debug|Any CPU.ActiveCfg = Debug|Any CPU
		{1F9FF725-5303-4DA0-86B6-0B9E37492DAC}.Debug|Any CPU.Build.0 = Debug|Any CPU
		{1F9FF725-5303-4DA0-86B6-0B9E37492DAC}.Release|Any CPU.ActiveCfg = Release|Any CPU
		{1F9FF725-5303-4DA0-86B6-0B9E37492DAC}.Release|Any CPU.Build.0 = Release|Any CPU
		{0F0AD662-9D00-4ED8-832E-1EFC8F067E0B}.Debug|Any CPU.ActiveCfg = Debug|Any CPU
		{0F0AD662-9D00-4ED8-832E-1EFC8F067E0B}.Debug|Any CPU.Build.0 = Debug|Any CPU
		{0F0AD662-9D00-4ED8-832E-1EFC8F067E0B}.Release|Any CPU.ActiveCfg = Release|Any CPU
		{0F0AD662-9D00-4ED8-832E-1EFC8F067E0B}.Release|Any CPU.Build.0 = Release|Any CPU
		{2214D703-6A76-429C-A4F2-4FAE53925EEA}.Debug|Any CPU.ActiveCfg = Debug|Any CPU
		{2214D703-6A76-429C-A4F2-4FAE53925EEA}.Debug|Any CPU.Build.0 = Debug|Any CPU
		{2214D703-6A76-429C-A4F2-4FAE53925EEA}.Release|Any CPU.ActiveCfg = Release|Any CPU
		{2214D703-6A76-429C-A4F2-4FAE53925EEA}.Release|Any CPU.Build.0 = Release|Any CPU
		{0E3C3699-06F9-4B4A-8E84-0C14EA540938}.Debug|Any CPU.ActiveCfg = Debug|Any CPU
		{0E3C3699-06F9-4B4A-8E84-0C14EA540938}.Debug|Any CPU.Build.0 = Debug|Any CPU
		{0E3C3699-06F9-4B4A-8E84-0C14EA540938}.Release|Any CPU.ActiveCfg = Release|Any CPU
		{0E3C3699-06F9-4B4A-8E84-0C14EA540938}.Release|Any CPU.Build.0 = Release|Any CPU
		{E4FABFD5-02EB-45FF-B461-3CA100593B05}.Debug|Any CPU.ActiveCfg = Debug|Any CPU
		{E4FABFD5-02EB-45FF-B461-3CA100593B05}.Debug|Any CPU.Build.0 = Debug|Any CPU
		{E4FABFD5-02EB-45FF-B461-3CA100593B05}.Release|Any CPU.ActiveCfg = Release|Any CPU
		{E4FABFD5-02EB-45FF-B461-3CA100593B05}.Release|Any CPU.Build.0 = Release|Any CPU
		{613C614C-AD17-4F1F-8F29-89A9302885EC}.Debug|Any CPU.ActiveCfg = Debug|Any CPU
		{613C614C-AD17-4F1F-8F29-89A9302885EC}.Debug|Any CPU.Build.0 = Debug|Any CPU
		{613C614C-AD17-4F1F-8F29-89A9302885EC}.Release|Any CPU.ActiveCfg = Release|Any CPU
		{613C614C-AD17-4F1F-8F29-89A9302885EC}.Release|Any CPU.Build.0 = Release|Any CPU
		{3ED12ACE-3AA2-4A0E-A9C3-2EFD0EC6EEF0}.Debug|Any CPU.ActiveCfg = Debug|Any CPU
		{3ED12ACE-3AA2-4A0E-A9C3-2EFD0EC6EEF0}.Debug|Any CPU.Build.0 = Debug|Any CPU
		{3ED12ACE-3AA2-4A0E-A9C3-2EFD0EC6EEF0}.Release|Any CPU.ActiveCfg = Release|Any CPU
		{3ED12ACE-3AA2-4A0E-A9C3-2EFD0EC6EEF0}.Release|Any CPU.Build.0 = Release|Any CPU
		{2DCEF7AB-D4B9-47BF-AF65-D244FA53B015}.Debug|Any CPU.ActiveCfg = Debug|Any CPU
		{2DCEF7AB-D4B9-47BF-AF65-D244FA53B015}.Debug|Any CPU.Build.0 = Debug|Any CPU
		{2DCEF7AB-D4B9-47BF-AF65-D244FA53B015}.Release|Any CPU.ActiveCfg = Release|Any CPU
		{2DCEF7AB-D4B9-47BF-AF65-D244FA53B015}.Release|Any CPU.Build.0 = Release|Any CPU
	EndGlobalSection
	GlobalSection(SolutionProperties) = preSolution
		HideSolutionNode = FALSE
	EndGlobalSection
	GlobalSection(NestedProjects) = preSolution
		{A3A55323-859E-4D23-AADD-88992F986EFC} = {84B81E0C-7B77-4948-81A9-3FD04FE15EDA}
		{78E31534-6A86-4FFC-9261-CBFA462D95CE} = {84B81E0C-7B77-4948-81A9-3FD04FE15EDA}
		{F83F0D06-7E47-48A0-A22A-FE11740CC5BF} = {84B81E0C-7B77-4948-81A9-3FD04FE15EDA}
		{4A1CD3E7-3E19-4102-9C48-ADF773E9E51A} = {DAA0EF9F-4475-41FB-A61C-60276D8753E1}
		{1F9FF725-5303-4DA0-86B6-0B9E37492DAC} = {DAA0EF9F-4475-41FB-A61C-60276D8753E1}
		{0F0AD662-9D00-4ED8-832E-1EFC8F067E0B} = {DAA0EF9F-4475-41FB-A61C-60276D8753E1}
		{2214D703-6A76-429C-A4F2-4FAE53925EEA} = {41F36584-E884-420A-82AD-D45D33A42168}
		{0E3C3699-06F9-4B4A-8E84-0C14EA540938} = {41F36584-E884-420A-82AD-D45D33A42168}
		{E4FABFD5-02EB-45FF-B461-3CA100593B05} = {41F36584-E884-420A-82AD-D45D33A42168}
		{613C614C-AD17-4F1F-8F29-89A9302885EC} = {4F91C091-1F98-4904-880E-856D4B41710C}
		{3ED12ACE-3AA2-4A0E-A9C3-2EFD0EC6EEF0} = {4F91C091-1F98-4904-880E-856D4B41710C}
		{2DCEF7AB-D4B9-47BF-AF65-D244FA53B015} = {4F91C091-1F98-4904-880E-856D4B41710C}
	EndGlobalSection
	GlobalSection(ExtensibilityGlobals) = postSolution
		SolutionGuid = {A05F1A90-A44E-449F-98E1-D63E5795EA8D}
	EndGlobalSection
EndGlobal
