
Microsoft Visual Studio Solution File, Format Version 12.00
# Visual Studio Version 17
VisualStudioVersion = 17.11.35303.130
MinimumVisualStudioVersion = 10.0.40219.1
Project("{2150E333-8FDC-42A3-9474-1A3956D46DE8}") = "Task0", "Task0", "{84B81E0C-7B77-4948-81A9-3FD04FE15EDA}"
EndProject
Project("{FAE04EC0-301F-11D3-BF4B-00C04F79EFBC}") = "Tyuiu.SilinEV.Sprint4.Task0.V19", "Tyuiu.SilinEV.Sprint4.Task0.V19\Tyuiu.SilinEV.Sprint4.Task0.V19.csproj", "{A3A55323-859E-4D23-AADD-88992F986EFC}"
EndProject
Project("{FAE04EC0-301F-11D3-BF4B-00C04F79EFBC}") = "Tyuiu.SilinEV.Sprint4.Task0.V19.Lib", "Tyuiu.SilinEV.Sprint4.Task0.V19.Lib\Tyuiu.SilinEV.Sprint4.Task0.V19.Lib.csproj", "{78E31534-6A86-4FFC-9261-CBFA462D95CE}"
EndProject
Project("{FAE04EC0-301F-11D3-BF4B-00C04F79EFBC}") = "Tyuiu.SilinEV.Sprint4.Task0.V19.Test", "Tyuiu.SilinEV.Sprint4.Task0.V19.Test\Tyuiu.SilinEV.Sprint4.Task0.V19.Test.csproj", "{F83F0D06-7E47-48A0-A22A-FE11740CC5BF}"
EndProject
Project("{2150E333-8FDC-42A3-9474-1A3956D46DE8}") = "Task1", "Task1", "{DAA0EF9F-4475-41FB-A61C-60276D8753E1}"
EndProject
Project("{FAE04EC0-301F-11D3-BF4B-00C04F79EFBC}") = "Tyuiu.SilinEV.Sprint4.Task1.V27", "Tyuiu.SilinEV.Sprint4.Task1.V27\Tyuiu.SilinEV.Sprint4.Task1.V27.csproj", "{4A1CD3E7-3E19-4102-9C48-ADF773E9E51A}"
EndProject
Project("{FAE04EC0-301F-11D3-BF4B-00C04F79EFBC}") = "Tyuiu.SilinEV.Sprint4.Task1.V27.Lib", "Tyuiu.SilinEV.Sprint4.Task1.V27.Lib\Tyuiu.SilinEV.Sprint4.Task1.V27.Lib.csproj", "{1F9FF725-5303-4DA0-86B6-0B9E37492DAC}"
EndProject
Project("{FAE04EC0-301F-11D3-BF4B-00C04F79EFBC}") = "Tyuiu.SilinEV.Sprint4.Task1.V27.Test", "Tyuiu.SilinEV.Sprint4.Task1.V27.Test\Tyuiu.SilinEV.Sprint4.Task1.V27.Test.csproj", "{0F0AD662-9D00-4ED8-832E-1EFC8F067E0B}"
EndProject
Project("{2150E333-8FDC-42A3-9474-1A3956D46DE8}") = "Task2", "Task2", "{41F36584-E884-420A-82AD-D45D33A42168}"
EndProject
Project("{FAE04EC0-301F-11D3-BF4B-00C04F79EFBC}") = "Tyuiu.SilinEV.Sprint4.Task2.V2", "Tyuiu.SilinEV.Sprint4.Task2.V2\Tyuiu.SilinEV.Sprint4.Task2.V2.csproj", "{2214D703-6A76-429C-A4F2-4FAE53925EEA}"
EndProject
Project("{FAE04EC0-301F-11D3-BF4B-00C04F79EFBC}") = "Tyuiu.SilinEV.Sprint4.Task2.V2.Lib", "Tyuiu.SilinEV.Sprint4.Task2.V2.Lib\Tyuiu.SilinEV.Sprint4.Task2.V2.Lib.csproj", "{0E3C3699-06F9-4B4A-8E84-0C14EA540938}"
EndProject
Project("{FAE04EC0-301F-11D3-BF4B-00C04F79EFBC}") = "Tyuiu.SilinEV.Sprint4.Task2.V2.Test", "Tyuiu.SilinEV.Sprint4.Task2.V2.Test\Tyuiu.SilinEV.Sprint4.Task2.V2.Test.csproj", "{E4FABFD5-02EB-45FF-B461-3CA100593B05}"
EndProject
Project("{2150E333-8FDC-42A3-9474-1A3956D46DE8}") = "Task3", "Task3", "{4F91C091-1F98-4904-880E-856D4B41710C}"
EndProject
Project("{FAE04EC0-301F-11D3-BF4B-00C04F79EFBC}") = "Tyuiu.SilinEV.Sprint4.Task3.V18", "Tyuiu.SilinEV.Sprint4.Task3.V18\Tyuiu.SilinEV.Sprint4.Task3.V18.csproj", "{613C614C-AD17-4F1F-8F29-89A9302885EC}"
EndProject
Project("{FAE04EC0-301F-11D3-BF4B-00C04F79EFBC}") = "Tyuiu.SilinEV.Sprint4.Task3.V18.Lib", "Tyuiu.SilinEV.Sprint4.Task3.V18.Lib\Tyuiu.SilinEV.Sprint4.Task3.V18.Lib.csproj", "{3ED12ACE-3AA2-4A0E-A9C3-2EFD0EC6EEF0}"
EndProject
Project("{FAE04EC0-301F-11D3-BF4B-00C04F79EFBC}") = "Tyuiu.SilinEV.Sprint4.Task3.V18.Test", "Tyuiu.SilinEV.Sprint4.Task3.V18.Test\Tyuiu.SilinEV.Sprint4.Task3.V18.Test.csproj", "{2DCEF7AB-D4B9-47BF-AF65-D244FA53B015}"
EndProject
Project("{2150E333-8FDC-42A3-9474-1A3956D46DE8}") = "Task4", "Task4", "{B2AD76DE-C2CA-48A9-A493-7FE8EC5DBE94}"
EndProject
Project("{FAE04EC0-301F-11D3-BF4B-00C04F79EFBC}") = "Tyuiu.SilinEV.Sprint4.Task4.V3", "Tyuiu.SilinEV.Sprint4.Task4.V3\Tyuiu.SilinEV.Sprint4.Task4.V3.csproj", "{4B5E2870-FB5F-4316-8DFE-DB60581649DA}"
EndProject
Project("{FAE04EC0-301F-11D3-BF4B-00C04F79EFBC}") = "Tyuiu.SilinEV.Sprint4.Task4.V3.Lib", "Tyuiu.SilinEV.Sprint4.Task4.V3.Lib\Tyuiu.SilinEV.Sprint4.Task4.V3.Lib.csproj", "{3CCD46B9-D8E8-41A0-B429-2ABEAEE09CA4}"
EndProject
Project("{FAE04EC0-301F-11D3-BF4B-00C04F79EFBC}") = "Tyuiu.SilinEV.Sprint4.Task4.V3.Test", "Tyuiu.SilinEV.Sprint4.Task4.V3.Test\Tyuiu.SilinEV.Sprint4.Task4.V3.Test.csproj", "{2E77A0DE-1143-41A2-A5A8-1E4DE7F02D7B}"
EndProject
Project("{2150E333-8FDC-42A3-9474-1A3956D46DE8}") = "Task5", "Task5", "{16C2FB14-9E54-44DF-B6D8-CFB9913647EF}"
EndProject
Project("{FAE04EC0-301F-11D3-BF4B-00C04F79EFBC}") = "Tyuiu.SilinEV.Sprint4.Task5.V26", "Tyuiu.SilinEV.Sprint4.Task5.V26\Tyuiu.SilinEV.Sprint4.Task5.V26.csproj", "{34ECC2C2-C290-4253-9687-BD49CB4398DF}"
EndProject
Project("{FAE04EC0-301F-11D3-BF4B-00C04F79EFBC}") = "Tyuiu.SilinEV.Sprint4.Task5.V26.Lib", "Tyuiu.SilinEV.Sprint4.Task5.V26.Lib\Tyuiu.SilinEV.Sprint4.Task5.V26.Lib.csproj", "{28F2EFC8-2DA8-4643-A6EF-59A8C6D02062}"
EndProject
Project("{FAE04EC0-301F-11D3-BF4B-00C04F79EFBC}") = "Tyuiu.SilinEV.Sprint4.Task5.V26.Test", "Tyuiu.SilinEV.Sprint4.Task5.V26.Test\Tyuiu.SilinEV.Sprint4.Task5.V26.Test.csproj", "{DCFFDC21-976D-4BFF-B855-8F7E8E94CB7D}"
EndProject
Project("{2150E333-8FDC-42A3-9474-1A3956D46DE8}") = "Task6", "Task6", "{9FEB4CB1-3A93-4F27-BF0C-45A214E9E95D}"
EndProject
Project("{FAE04EC0-301F-11D3-BF4B-00C04F79EFBC}") = "Tyuiu.SilinEV.Sprint4.Task6.V16", "Tyuiu.SilinEV.Sprint4.Task6.V16\Tyuiu.SilinEV.Sprint4.Task6.V16.csproj", "{4A10092B-C192-4CCE-852A-80B599188749}"
EndProject
Project("{FAE04EC0-301F-11D3-BF4B-00C04F79EFBC}") = "Tyuiu.SilinEV.Sprint4.Task6.V16.Lib", "Tyuiu.SilinEV.Sprint4.Task6.V16.Lib\Tyuiu.SilinEV.Sprint4.Task6.V16.Lib.csproj", "{DD2351CF-97C5-4031-9DBB-8A82E9CE6256}"
EndProject
Project("{FAE04EC0-301F-11D3-BF4B-00C04F79EFBC}") = "Tyuiu.SilinEV.Sprint4.Task6.V16.Test", "Tyuiu.SilinEV.Sprint4.Task6.V16.Test\Tyuiu.SilinEV.Sprint4.Task6.V16.Test.csproj", "{985099DD-5C59-4EB5-A397-EBF31D7C4B93}"
EndProject
Project("{2150E333-8FDC-42A3-9474-1A3956D46DE8}") = "Task7", "Task7", "{1C476168-6BB1-4C34-AB2D-8BFF62030694}"
EndProject
Project("{FAE04EC0-301F-11D3-BF4B-00C04F79EFBC}") = "Tyuiu.SilinEV.Sprint4.Task7.V7", "Tyuiu.SilinEV.Sprint4.Task7.V7\Tyuiu.SilinEV.Sprint4.Task7.V7.csproj", "{636488BF-2EB4-4474-940F-44D3C8853B94}"
EndProject
Project("{FAE04EC0-301F-11D3-BF4B-00C04F79EFBC}") = "Tyuiu.SilinEV.Sprint4.Task7.V7.Lib", "Tyuiu.SilinEV.Sprint4.Task7.V7.Lib\Tyuiu.SilinEV.Sprint4.Task7.V7.Lib.csproj", "{43B6BF3A-AA57-4A22-BD80-A3F2048C7AD8}"
EndProject
Project("{FAE04EC0-301F-11D3-BF4B-00C04F79EFBC}") = "Tyuiu.SilinEV.Sprint4.Task7.V7.Test", "Tyuiu.SilinEV.Sprint4.Task7.V7.Test\Tyuiu.SilinEV.Sprint4.Task7.V7.Test.csproj", "{3724D472-DD25-4E80-8474-71990289C053}"
EndProject
Global
	GlobalSection(SolutionConfigurationPlatforms) = preSolution
		Debug|Any CPU = Debug|Any CPU
		Release|Any CPU = Release|Any CPU
	EndGlobalSection
	GlobalSection(ProjectConfigurationPlatforms) = postSolution
		{A3A55323-859E-4D23-AADD-88992F986EFC}.Debug|Any CPU.ActiveCfg = Debug|Any CPU
		{A3A55323-859E-4D23-AADD-88992F986EFC}.Debug|Any CPU.Build.0 = Debug|Any CPU
		{A3A55323-859E-4D23-AADD-88992F986EFC}.Release|Any CPU.ActiveCfg = Release|Any CPU
		{A3A55323-859E-4D23-AADD-88992F986EFC}.Release|Any CPU.Build.0 = Release|Any CPU
		{78E31534-6A86-4FFC-9261-CBFA462D95CE}.Debug|Any CPU.ActiveCfg = Debug|Any CPU
		{78E31534-6A86-4FFC-9261-CBFA462D95CE}.Debug|Any CPU.Build.0 = Debug|Any CPU
		{78E31534-6A86-4FFC-9261-CBFA462D95CE}.Release|Any CPU.ActiveCfg = Release|Any CPU
		{78E31534-6A86-4FFC-9261-CBFA462D95CE}.Release|Any CPU.Build.0 = Release|Any CPU
		{F83F0D06-7E47-48A0-A22A-FE11740CC5BF}.Debug|Any CPU.ActiveCfg = Debug|Any CPU
		{F83F0D06-7E47-48A0-A22A-FE11740CC5BF}.Debug|Any CPU.Build.0 = Debug|Any CPU
		{F83F0D06-7E47-48A0-A22A-FE11740CC5BF}.Release|Any CPU.ActiveCfg = Release|Any CPU
		{F83F0D06-7E47-48A0-A22A-FE11740CC5BF}.Release|Any CPU.Build.0 = Release|Any CPU
		{4A1CD3E7-3E19-4102-9C48-ADF773E9E51A}.Debug|Any CPU.ActiveCfg = Debug|Any CPU
		{4A1CD3E7-3E19-4102-9C48-ADF773E9E51A}.Debug|Any CPU.Build.0 = Debug|Any CPU
		{4A1CD3E7-3E19-4102-9C48-ADF773E9E51A}.Release|Any CPU.ActiveCfg = Release|Any CPU
		{4A1CD3E7-3E19-4102-9C48-ADF773E9E51A}.Release|Any CPU.Build.0 = Release|Any CPU
		{1F9FF725-5303-4DA0-86B6-0B9E37492DAC}.Debug|Any CPU.ActiveCfg = Debug|Any CPU
		{1F9FF725-5303-4DA0-86B6-0B9E37492DAC}.Debug|Any CPU.Build.0 = Debug|Any CPU
		{1F9FF725-5303-4DA0-86B6-0B9E37492DAC}.Release|Any CPU.ActiveCfg = Release|Any CPU
		{1F9FF725-5303-4DA0-86B6-0B9E37492DAC}.Release|Any CPU.Build.0 = Release|Any CPU
		{0F0AD662-9D00-4ED8-832E-1EFC8F067E0B}.Debug|Any CPU.ActiveCfg = Debug|Any CPU
		{0F0AD662-9D00-4ED8-832E-1EFC8F067E0B}.Debug|Any CPU.Build.0 = Debug|Any CPU
		{0F0AD662-9D00-4ED8-832E-1EFC8F067E0B}.Release|Any CPU.ActiveCfg = Release|Any CPU
		{0F0AD662-9D00-4ED8-832E-1EFC8F067E0B}.Release|Any CPU.Build.0 = Release|Any CPU
		{2214D703-6A76-429C-A4F2-4FAE53925EEA}.Debug|Any CPU.ActiveCfg = Debug|Any CPU
		{2214D703-6A76-429C-A4F2-4FAE53925EEA}.Debug|Any CPU.Build.0 = Debug|Any CPU
		{2214D703-6A76-429C-A4F2-4FAE53925EEA}.Release|Any CPU.ActiveCfg = Release|Any CPU
		{2214D703-6A76-429C-A4F2-4FAE53925EEA}.Release|Any CPU.Build.0 = Release|Any CPU
		{0E3C3699-06F9-4B4A-8E84-0C14EA540938}.Debug|Any CPU.ActiveCfg = Debug|Any CPU
		{0E3C3699-06F9-4B4A-8E84-0C14EA540938}.Debug|Any CPU.Build.0 = Debug|Any CPU
		{0E3C3699-06F9-4B4A-8E84-0C14EA540938}.Release|Any CPU.ActiveCfg = Release|Any CPU
		{0E3C3699-06F9-4B4A-8E84-0C14EA540938}.Release|Any CPU.Build.0 = Release|Any CPU
		{E4FABFD5-02EB-45FF-B461-3CA100593B05}.Debug|Any CPU.ActiveCfg = Debug|Any CPU
		{E4FABFD5-02EB-45FF-B461-3CA100593B05}.Debug|Any CPU.Build.0 = Debug|Any CPU
		{E4FABFD5-02EB-45FF-B461-3CA100593B05}.Release|Any CPU.ActiveCfg = Release|Any CPU
		{E4FABFD5-02EB-45FF-B461-3CA100593B05}.Release|Any CPU.Build.0 = Release|Any CPU
		{613C614C-AD17-4F1F-8F29-89A9302885EC}.Debug|Any CPU.ActiveCfg = Debug|Any CPU
		{613C614C-AD17-4F1F-8F29-89A9302885EC}.Debug|Any CPU.Build.0 = Debug|Any CPU
		{613C614C-AD17-4F1F-8F29-89A9302885EC}.Release|Any CPU.ActiveCfg = Release|Any CPU
		{613C614C-AD17-4F1F-8F29-89A9302885EC}.Release|Any CPU.Build.0 = Release|Any CPU
		{3ED12ACE-3AA2-4A0E-A9C3-2EFD0EC6EEF0}.Debug|Any CPU.ActiveCfg = Debug|Any CPU
		{3ED12ACE-3AA2-4A0E-A9C3-2EFD0EC6EEF0}.Debug|Any CPU.Build.0 = Debug|Any CPU
		{3ED12ACE-3AA2-4A0E-A9C3-2EFD0EC6EEF0}.Release|Any CPU.ActiveCfg = Release|Any CPU
		{3ED12ACE-3AA2-4A0E-A9C3-2EFD0EC6EEF0}.Release|Any CPU.Build.0 = Release|Any CPU
		{2DCEF7AB-D4B9-47BF-AF65-D244FA53B015}.Debug|Any CPU.ActiveCfg = Debug|Any CPU
		{2DCEF7AB-D4B9-47BF-AF65-D244FA53B015}.Debug|Any CPU.Build.0 = Debug|Any CPU
		{2DCEF7AB-D4B9-47BF-AF65-D244FA53B015}.Release|Any CPU.ActiveCfg = Release|Any CPU
		{2DCEF7AB-D4B9-47BF-AF65-D244FA53B015}.Release|Any CPU.Build.0 = Release|Any CPU
		{4B5E2870-FB5F-4316-8DFE-DB60581649DA}.Debug|Any CPU.ActiveCfg = Debug|Any CPU
		{4B5E2870-FB5F-4316-8DFE-DB60581649DA}.Debug|Any CPU.Build.0 = Debug|Any CPU
		{4B5E2870-FB5F-4316-8DFE-DB60581649DA}.Release|Any CPU.ActiveCfg = Release|Any CPU
		{4B5E2870-FB5F-4316-8DFE-DB60581649DA}.Release|Any CPU.Build.0 = Release|Any CPU
		{3CCD46B9-D8E8-41A0-B429-2ABEAEE09CA4}.Debug|Any CPU.ActiveCfg = Debug|Any CPU
		{3CCD46B9-D8E8-41A0-B429-2ABEAEE09CA4}.Debug|Any CPU.Build.0 = Debug|Any CPU
		{3CCD46B9-D8E8-41A0-B429-2ABEAEE09CA4}.Release|Any CPU.ActiveCfg = Release|Any CPU
		{3CCD46B9-D8E8-41A0-B429-2ABEAEE09CA4}.Release|Any CPU.Build.0 = Release|Any CPU
		{2E77A0DE-1143-41A2-A5A8-1E4DE7F02D7B}.Debug|Any CPU.ActiveCfg = Debug|Any CPU
		{2E77A0DE-1143-41A2-A5A8-1E4DE7F02D7B}.Debug|Any CPU.Build.0 = Debug|Any CPU
		{2E77A0DE-1143-41A2-A5A8-1E4DE7F02D7B}.Release|Any CPU.ActiveCfg = Release|Any CPU
		{2E77A0DE-1143-41A2-A5A8-1E4DE7F02D7B}.Release|Any CPU.Build.0 = Release|Any CPU
		{34ECC2C2-C290-4253-9687-BD49CB4398DF}.Debug|Any CPU.ActiveCfg = Debug|Any CPU
		{34ECC2C2-C290-4253-9687-BD49CB4398DF}.Debug|Any CPU.Build.0 = Debug|Any CPU
		{34ECC2C2-C290-4253-9687-BD49CB4398DF}.Release|Any CPU.ActiveCfg = Release|Any CPU
		{34ECC2C2-C290-4253-9687-BD49CB4398DF}.Release|Any CPU.Build.0 = Release|Any CPU
		{28F2EFC8-2DA8-4643-A6EF-59A8C6D02062}.Debug|Any CPU.ActiveCfg = Debug|Any CPU
		{28F2EFC8-2DA8-4643-A6EF-59A8C6D02062}.Debug|Any CPU.Build.0 = Debug|Any CPU
		{28F2EFC8-2DA8-4643-A6EF-59A8C6D02062}.Release|Any CPU.ActiveCfg = Release|Any CPU
		{28F2EFC8-2DA8-4643-A6EF-59A8C6D02062}.Release|Any CPU.Build.0 = Release|Any CPU
		{DCFFDC21-976D-4BFF-B855-8F7E8E94CB7D}.Debug|Any CPU.ActiveCfg = Debug|Any CPU
		{DCFFDC21-976D-4BFF-B855-8F7E8E94CB7D}.Debug|Any CPU.Build.0 = Debug|Any CPU
		{DCFFDC21-976D-4BFF-B855-8F7E8E94CB7D}.Release|Any CPU.ActiveCfg = Release|Any CPU
		{DCFFDC21-976D-4BFF-B855-8F7E8E94CB7D}.Release|Any CPU.Build.0 = Release|Any CPU
		{4A10092B-C192-4CCE-852A-80B599188749}.Debug|Any CPU.ActiveCfg = Debug|Any CPU
		{4A10092B-C192-4CCE-852A-80B599188749}.Debug|Any CPU.Build.0 = Debug|Any CPU
		{4A10092B-C192-4CCE-852A-80B599188749}.Release|Any CPU.ActiveCfg = Release|Any CPU
		{4A10092B-C192-4CCE-852A-80B599188749}.Release|Any CPU.Build.0 = Release|Any CPU
		{DD2351CF-97C5-4031-9DBB-8A82E9CE6256}.Debug|Any CPU.ActiveCfg = Debug|Any CPU
		{DD2351CF-97C5-4031-9DBB-8A82E9CE6256}.Debug|Any CPU.Build.0 = Debug|Any CPU
		{DD2351CF-97C5-4031-9DBB-8A82E9CE6256}.Release|Any CPU.ActiveCfg = Release|Any CPU
		{DD2351CF-97C5-4031-9DBB-8A82E9CE6256}.Release|Any CPU.Build.0 = Release|Any CPU
		{985099DD-5C59-4EB5-A397-EBF31D7C4B93}.Debug|Any CPU.ActiveCfg = Debug|Any CPU
		{985099DD-5C59-4EB5-A397-EBF31D7C4B93}.Debug|Any CPU.Build.0 = Debug|Any CPU
		{985099DD-5C59-4EB5-A397-EBF31D7C4B93}.Release|Any CPU.ActiveCfg = Release|Any CPU
		{985099DD-5C59-4EB5-A397-EBF31D7C4B93}.Release|Any CPU.Build.0 = Release|Any CPU
		{636488BF-2EB4-4474-940F-44D3C8853B94}.Debug|Any CPU.ActiveCfg = Debug|Any CPU
		{636488BF-2EB4-4474-940F-44D3C8853B94}.Debug|Any CPU.Build.0 = Debug|Any CPU
		{636488BF-2EB4-4474-940F-44D3C8853B94}.Release|Any CPU.ActiveCfg = Release|Any CPU
		{636488BF-2EB4-4474-940F-44D3C8853B94}.Release|Any CPU.Build.0 = Release|Any CPU
		{43B6BF3A-AA57-4A22-BD80-A3F2048C7AD8}.Debug|Any CPU.ActiveCfg = Debug|Any CPU
		{43B6BF3A-AA57-4A22-BD80-A3F2048C7AD8}.Debug|Any CPU.Build.0 = Debug|Any CPU
		{43B6BF3A-AA57-4A22-BD80-A3F2048C7AD8}.Release|Any CPU.ActiveCfg = Release|Any CPU
		{43B6BF3A-AA57-4A22-BD80-A3F2048C7AD8}.Release|Any CPU.Build.0 = Release|Any CPU
		{3724D472-DD25-4E80-8474-71990289C053}.Debug|Any CPU.ActiveCfg = Debug|Any CPU
		{3724D472-DD25-4E80-8474-71990289C053}.Debug|Any CPU.Build.0 = Debug|Any CPU
		{3724D472-DD25-4E80-8474-71990289C053}.Release|Any CPU.ActiveCfg = Release|Any CPU
		{3724D472-DD25-4E80-8474-71990289C053}.Release|Any CPU.Build.0 = Release|Any CPU
	EndGlobalSection
	GlobalSection(SolutionProperties) = preSolution
		HideSolutionNode = FALSE
	EndGlobalSection
	GlobalSection(NestedProjects) = preSolution
		{A3A55323-859E-4D23-AADD-88992F986EFC} = {84B81E0C-7B77-4948-81A9-3FD04FE15EDA}
		{78E31534-6A86-4FFC-9261-CBFA462D95CE} = {84B81E0C-7B77-4948-81A9-3FD04FE15EDA}
		{F83F0D06-7E47-48A0-A22A-FE11740CC5BF} = {84B81E0C-7B77-4948-81A9-3FD04FE15EDA}
		{4A1CD3E7-3E19-4102-9C48-ADF773E9E51A} = {DAA0EF9F-4475-41FB-A61C-60276D8753E1}
		{1F9FF725-5303-4DA0-86B6-0B9E37492DAC} = {DAA0EF9F-4475-41FB-A61C-60276D8753E1}
		{0F0AD662-9D00-4ED8-832E-1EFC8F067E0B} = {DAA0EF9F-4475-41FB-A61C-60276D8753E1}
		{2214D703-6A76-429C-A4F2-4FAE53925EEA} = {41F36584-E884-420A-82AD-D45D33A42168}
		{0E3C3699-06F9-4B4A-8E84-0C14EA540938} = {41F36584-E884-420A-82AD-D45D33A42168}
		{E4FABFD5-02EB-45FF-B461-3CA100593B05} = {41F36584-E884-420A-82AD-D45D33A42168}
		{613C614C-AD17-4F1F-8F29-89A9302885EC} = {4F91C091-1F98-4904-880E-856D4B41710C}
		{3ED12ACE-3AA2-4A0E-A9C3-2EFD0EC6EEF0} = {4F91C091-1F98-4904-880E-856D4B41710C}
		{2DCEF7AB-D4B9-47BF-AF65-D244FA53B015} = {4F91C091-1F98-4904-880E-856D4B41710C}
		{4B5E2870-FB5F-4316-8DFE-DB60581649DA} = {B2AD76DE-C2CA-48A9-A493-7FE8EC5DBE94}
		{3CCD46B9-D8E8-41A0-B429-2ABEAEE09CA4} = {B2AD76DE-C2CA-48A9-A493-7FE8EC5DBE94}
		{2E77A0DE-1143-41A2-A5A8-1E4DE7F02D7B} = {B2AD76DE-C2CA-48A9-A493-7FE8EC5DBE94}
		{34ECC2C2-C290-4253-9687-BD49CB4398DF} = {16C2FB14-9E54-44DF-B6D8-CFB9913647EF}
		{28F2EFC8-2DA8-4643-A6EF-59A8C6D02062} = {16C2FB14-9E54-44DF-B6D8-CFB9913647EF}
		{DCFFDC21-976D-4BFF-B855-8F7E8E94CB7D} = {16C2FB14-9E54-44DF-B6D8-CFB9913647EF}
		{4A10092B-C192-4CCE-852A-80B599188749} = {9FEB4CB1-3A93-4F27-BF0C-45A214E9E95D}
		{DD2351CF-97C5-4031-9DBB-8A82E9CE6256} = {9FEB4CB1-3A93-4F27-BF0C-45A214E9E95D}
		{985099DD-5C59-4EB5-A397-EBF31D7C4B93} = {9FEB4CB1-3A93-4F27-BF0C-45A214E9E95D}
		{636488BF-2EB4-4474-940F-44D3C8853B94} = {1C476168-6BB1-4C34-AB2D-8BFF62030694}
		{43B6BF3A-AA57-4A22-BD80-A3F2048C7AD8} = {1C476168-6BB1-4C34-AB2D-8BFF62030694}
		{3724D472-DD25-4E80-8474-71990289C053} = {1C476168-6BB1-4C34-AB2D-8BFF62030694}
	EndGlobalSection
	GlobalSection(ExtensibilityGlobals) = postSolution
		SolutionGuid = {A05F1A90-A44E-449F-98E1-D63E5795EA8D}
	EndGlobalSection
EndGlobal
